// !$*UTF8*$!
{
	archiveVersion = 1;
	classes = {
	};
	objectVersion = 48;
	objects = {

/* Begin PBXBuildFile section */
		61C88E9D1FB48FE10062F2CC /* AppDelegate.m in Sources */ = {isa = PBXBuildFile; fileRef = 61C88E9C1FB48FE10062F2CC /* AppDelegate.m */; };
		61C88EA01FB48FE10062F2CC /* ViewController.m in Sources */ = {isa = PBXBuildFile; fileRef = 61C88E9F1FB48FE10062F2CC /* ViewController.m */; };
		61C88EA31FB48FE10062F2CC /* Main.storyboard in Resources */ = {isa = PBXBuildFile; fileRef = 61C88EA11FB48FE10062F2CC /* Main.storyboard */; };
		61C88EA51FB48FE10062F2CC /* Assets.xcassets in Resources */ = {isa = PBXBuildFile; fileRef = 61C88EA41FB48FE10062F2CC /* Assets.xcassets */; };
		61C88EA81FB48FE10062F2CC /* LaunchScreen.storyboard in Resources */ = {isa = PBXBuildFile; fileRef = 61C88EA61FB48FE10062F2CC /* LaunchScreen.storyboard */; };
		61C88EAB1FB48FE10062F2CC /* main.m in Sources */ = {isa = PBXBuildFile; fileRef = 61C88EAA1FB48FE10062F2CC /* main.m */; };
		61C88EB51FB48FE10062F2CC /* BrightHRAppTests.m in Sources */ = {isa = PBXBuildFile; fileRef = 61C88EB41FB48FE10062F2CC /* BrightHRAppTests.m */; };
		61C88EC21FB4DA160062F2CC /* brighthr-headerlogo.png in Resources */ = {isa = PBXBuildFile; fileRef = 61C88EC41FB4DA160062F2CC /* brighthr-headerlogo.png */; };
		61C88ECE1FB51BE20062F2CC /* CustomTextField.m in Sources */ = {isa = PBXBuildFile; fileRef = 61C88ECD1FB51BE20062F2CC /* CustomTextField.m */; };
/* End PBXBuildFile section */

/* Begin PBXContainerItemProxy section */
		61C88EB11FB48FE10062F2CC /* PBXContainerItemProxy */ = {
			isa = PBXContainerItemProxy;
			containerPortal = 61C88E901FB48FE10062F2CC /* Project object */;
			proxyType = 1;
			remoteGlobalIDString = 61C88E971FB48FE10062F2CC;
			remoteInfo = BrightHRApp;
		};
/* End PBXContainerItemProxy section */

/* Begin PBXFileReference section */
		61C88E981FB48FE10062F2CC /* BrightHRApp.app */ = {isa = PBXFileReference; explicitFileType = wrapper.application; includeInIndex = 0; path = BrightHRApp.app; sourceTree = BUILT_PRODUCTS_DIR; };
		61C88E9B1FB48FE10062F2CC /* AppDelegate.h */ = {isa = PBXFileReference; lastKnownFileType = sourcecode.c.h; path = AppDelegate.h; sourceTree = "<group>"; };
		61C88E9C1FB48FE10062F2CC /* AppDelegate.m */ = {isa = PBXFileReference; lastKnownFileType = sourcecode.c.objc; path = AppDelegate.m; sourceTree = "<group>"; };
		61C88E9E1FB48FE10062F2CC /* ViewController.h */ = {isa = PBXFileReference; lastKnownFileType = sourcecode.c.h; path = ViewController.h; sourceTree = "<group>"; };
		61C88E9F1FB48FE10062F2CC /* ViewController.m */ = {isa = PBXFileReference; lastKnownFileType = sourcecode.c.objc; path = ViewController.m; sourceTree = "<group>"; };
		61C88EA21FB48FE10062F2CC /* Base */ = {isa = PBXFileReference; lastKnownFileType = file.storyboard; name = Base; path = Base.lproj/Main.storyboard; sourceTree = "<group>"; };
		61C88EA41FB48FE10062F2CC /* Assets.xcassets */ = {isa = PBXFileReference; lastKnownFileType = folder.assetcatalog; path = Assets.xcassets; sourceTree = "<group>"; };
		61C88EA71FB48FE10062F2CC /* Base */ = {isa = PBXFileReference; lastKnownFileType = file.storyboard; name = Base; path = Base.lproj/LaunchScreen.storyboard; sourceTree = "<group>"; };
		61C88EA91FB48FE10062F2CC /* Info.plist */ = {isa = PBXFileReference; lastKnownFileType = text.plist.xml; path = Info.plist; sourceTree = "<group>"; };
		61C88EAA1FB48FE10062F2CC /* main.m */ = {isa = PBXFileReference; lastKnownFileType = sourcecode.c.objc; path = main.m; sourceTree = "<group>"; };
		61C88EB01FB48FE10062F2CC /* BrightHRAppTests.xctest */ = {isa = PBXFileReference; explicitFileType = wrapper.cfbundle; includeInIndex = 0; path = BrightHRAppTests.xctest; sourceTree = BUILT_PRODUCTS_DIR; };
		61C88EB41FB48FE10062F2CC /* BrightHRAppTests.m */ = {isa = PBXFileReference; lastKnownFileType = sourcecode.c.objc; path = BrightHRAppTests.m; sourceTree = "<group>"; };
		61C88EB61FB48FE10062F2CC /* Info.plist */ = {isa = PBXFileReference; lastKnownFileType = text.plist.xml; path = Info.plist; sourceTree = "<group>"; };
		61C88EC31FB4DA160062F2CC /* Base */ = {isa = PBXFileReference; lastKnownFileType = image.png; name = Base; path = "Base.lproj/brighthr-headerlogo.png"; sourceTree = "<group>"; };
		61C88EC51FB4DA210062F2CC /* en */ = {isa = PBXFileReference; lastKnownFileType = image.png; name = en; path = "en.lproj/brighthr-headerlogo.png"; sourceTree = "<group>"; };
		61C88ECC1FB51BB50062F2CC /* CustomTextField.h */ = {isa = PBXFileReference; lastKnownFileType = sourcecode.c.h; path = CustomTextField.h; sourceTree = "<group>"; };
		61C88ECD1FB51BE20062F2CC /* CustomTextField.m */ = {isa = PBXFileReference; lastKnownFileType = sourcecode.c.objc; path = CustomTextField.m; sourceTree = "<group>"; };
/* End PBXFileReference section */

/* Begin PBXFrameworksBuildPhase section */
		61C88E951FB48FE10062F2CC /* Frameworks */ = {
			isa = PBXFrameworksBuildPhase;
			buildActionMask = 2147483647;
			files = (
			);
			runOnlyForDeploymentPostprocessing = 0;
		};
		61C88EAD1FB48FE10062F2CC /* Frameworks */ = {
			isa = PBXFrameworksBuildPhase;
			buildActionMask = 2147483647;
			files = (
			);
			runOnlyForDeploymentPostprocessing = 0;
		};
/* End PBXFrameworksBuildPhase section */

/* Begin PBXGroup section */
		61C88E8F1FB48FE10062F2CC = {
			isa = PBXGroup;
			children = (
				61C88E9A1FB48FE10062F2CC /* BrightHRApp */,
				61C88EB31FB48FE10062F2CC /* BrightHRAppTests */,
				61C88E991FB48FE10062F2CC /* Products */,
			);
			sourceTree = "<group>";
		};
		61C88E991FB48FE10062F2CC /* Products */ = {
			isa = PBXGroup;
			children = (
				61C88E981FB48FE10062F2CC /* BrightHRApp.app */,
				61C88EB01FB48FE10062F2CC /* BrightHRAppTests.xctest */,
			);
			name = Products;
			sourceTree = "<group>";
		};
		61C88E9A1FB48FE10062F2CC /* BrightHRApp */ = {
			isa = PBXGroup;
			children = (
				61C88EC71FB513840062F2CC /* Objects */,
				61C88EC61FB5136C0062F2CC /* ViewControllers */,
				61C88EC11FB4923E0062F2CC /* Images */,
				61C88E9B1FB48FE10062F2CC /* AppDelegate.h */,
				61C88E9C1FB48FE10062F2CC /* AppDelegate.m */,
				61C88EA11FB48FE10062F2CC /* Main.storyboard */,
				61C88EA41FB48FE10062F2CC /* Assets.xcassets */,
				61C88EA61FB48FE10062F2CC /* LaunchScreen.storyboard */,
				61C88EA91FB48FE10062F2CC /* Info.plist */,
				61C88EAA1FB48FE10062F2CC /* main.m */,
			);
			path = BrightHRApp;
			sourceTree = "<group>";
		};
		61C88EB31FB48FE10062F2CC /* BrightHRAppTests */ = {
			isa = PBXGroup;
			children = (
				61C88EB41FB48FE10062F2CC /* BrightHRAppTests.m */,
				61C88EB61FB48FE10062F2CC /* Info.plist */,
			);
			path = BrightHRAppTests;
			sourceTree = "<group>";
		};
		61C88EC11FB4923E0062F2CC /* Images */ = {
			isa = PBXGroup;
			children = (
				61C88EC41FB4DA160062F2CC /* brighthr-headerlogo.png */,
			);
			path = Images;
			sourceTree = "<group>";
		};
		61C88EC61FB5136C0062F2CC /* ViewControllers */ = {
			isa = PBXGroup;
			children = (
				61C88E9E1FB48FE10062F2CC /* ViewController.h */,
				61C88E9F1FB48FE10062F2CC /* ViewController.m */,
			);
			path = ViewControllers;
			sourceTree = "<group>";
		};
		61C88EC71FB513840062F2CC /* Objects */ = {
			isa = PBXGroup;
			children = (
				61C88ECC1FB51BB50062F2CC /* CustomTextField.h */,
				61C88ECD1FB51BE20062F2CC /* CustomTextField.m */,
			);
			path = Objects;
			sourceTree = "<group>";
		};
/* End PBXGroup section */

/* Begin PBXNativeTarget section */
		61C88E971FB48FE10062F2CC /* BrightHRApp */ = {
			isa = PBXNativeTarget;
			buildConfigurationList = 61C88EB91FB48FE10062F2CC /* Build configuration list for PBXNativeTarget "BrightHRApp" */;
			buildPhases = (
				61C88E941FB48FE10062F2CC /* Sources */,
				61C88E951FB48FE10062F2CC /* Frameworks */,
				61C88E961FB48FE10062F2CC /* Resources */,
			);
			buildRules = (
			);
			dependencies = (
			);
			name = BrightHRApp;
			productName = BrightHRApp;
			productReference = 61C88E981FB48FE10062F2CC /* BrightHRApp.app */;
			productType = "com.apple.product-type.application";
		};
		61C88EAF1FB48FE10062F2CC /* BrightHRAppTests */ = {
			isa = PBXNativeTarget;
			buildConfigurationList = 61C88EBC1FB48FE10062F2CC /* Build configuration list for PBXNativeTarget "BrightHRAppTests" */;
			buildPhases = (
				61C88EAC1FB48FE10062F2CC /* Sources */,
				61C88EAD1FB48FE10062F2CC /* Frameworks */,
				61C88EAE1FB48FE10062F2CC /* Resources */,
			);
			buildRules = (
			);
			dependencies = (
				61C88EB21FB48FE10062F2CC /* PBXTargetDependency */,
			);
			name = BrightHRAppTests;
			productName = BrightHRAppTests;
			productReference = 61C88EB01FB48FE10062F2CC /* BrightHRAppTests.xctest */;
			productType = "com.apple.product-type.bundle.unit-test";
		};
/* End PBXNativeTarget section */

/* Begin PBXProject section */
		61C88E901FB48FE10062F2CC /* Project object */ = {
			isa = PBXProject;
			attributes = {
				LastUpgradeCheck = 0900;
				ORGANIZATIONNAME = "David Birkhead";
				TargetAttributes = {
					61C88E971FB48FE10062F2CC = {
						CreatedOnToolsVersion = 9.0;
						ProvisioningStyle = Automatic;
					};
					61C88EAF1FB48FE10062F2CC = {
						CreatedOnToolsVersion = 9.0;
						ProvisioningStyle = Automatic;
						TestTargetID = 61C88E971FB48FE10062F2CC;
					};
				};
			};
			buildConfigurationList = 61C88E931FB48FE10062F2CC /* Build configuration list for PBXProject "BrightHRApp" */;
			compatibilityVersion = "Xcode 8.0";
			developmentRegion = en;
			hasScannedForEncodings = 0;
			knownRegions = (
				en,
				Base,
			);
			mainGroup = 61C88E8F1FB48FE10062F2CC;
			productRefGroup = 61C88E991FB48FE10062F2CC /* Products */;
			projectDirPath = "";
			projectRoot = "";
			targets = (
				61C88E971FB48FE10062F2CC /* BrightHRApp */,
				61C88EAF1FB48FE10062F2CC /* BrightHRAppTests */,
			);
		};
/* End PBXProject section */

/* Begin PBXResourcesBuildPhase section */
		61C88E961FB48FE10062F2CC /* Resources */ = {
			isa = PBXResourcesBuildPhase;
			buildActionMask = 2147483647;
			files = (
				61C88EA81FB48FE10062F2CC /* LaunchScreen.storyboard in Resources */,
				61C88EA51FB48FE10062F2CC /* Assets.xcassets in Resources */,
				61C88EA31FB48FE10062F2CC /* Main.storyboard in Resources */,
				61C88EC21FB4DA160062F2CC /* brighthr-headerlogo.png in Resources */,
			);
			runOnlyForDeploymentPostprocessing = 0;
		};
		61C88EAE1FB48FE10062F2CC /* Resources */ = {
			isa = PBXResourcesBuildPhase;
			buildActionMask = 2147483647;
			files = (
			);
			runOnlyForDeploymentPostprocessing = 0;
		};
/* End PBXResourcesBuildPhase section */

/* Begin PBXSourcesBuildPhase section */
		61C88E941FB48FE10062F2CC /* Sources */ = {
			isa = PBXSourcesBuildPhase;
			buildActionMask = 2147483647;
			files = (
				61C88ECE1FB51BE20062F2CC /* CustomTextField.m in Sources */,
				61C88EA01FB48FE10062F2CC /* ViewController.m in Sources */,
				61C88EAB1FB48FE10062F2CC /* main.m in Sources */,
				61C88E9D1FB48FE10062F2CC /* AppDelegate.m in Sources */,
			);
			runOnlyForDeploymentPostprocessing = 0;
		};
		61C88EAC1FB48FE10062F2CC /* Sources */ = {
			isa = PBXSourcesBuildPhase;
			buildActionMask = 2147483647;
			files = (
				61C88EB51FB48FE10062F2CC /* BrightHRAppTests.m in Sources */,
			);
			runOnlyForDeploymentPostprocessing = 0;
		};
/* End PBXSourcesBuildPhase section */

/* Begin PBXTargetDependency section */
		61C88EB21FB48FE10062F2CC /* PBXTargetDependency */ = {
			isa = PBXTargetDependency;
			target = 61C88E971FB48FE10062F2CC /* BrightHRApp */;
			targetProxy = 61C88EB11FB48FE10062F2CC /* PBXContainerItemProxy */;
		};
/* End PBXTargetDependency section */

/* Begin PBXVariantGroup section */
		61C88EA11FB48FE10062F2CC /* Main.storyboard */ = {
			isa = PBXVariantGroup;
			children = (
				61C88EA21FB48FE10062F2CC /* Base */,
			);
			name = Main.storyboard;
			sourceTree = "<group>";
		};
		61C88EA61FB48FE10062F2CC /* LaunchScreen.storyboard */ = {
			isa = PBXVariantGroup;
			children = (
				61C88EA71FB48FE10062F2CC /* Base */,
			);
			name = LaunchScreen.storyboard;
			sourceTree = "<group>";
		};
		61C88EC41FB4DA160062F2CC /* brighthr-headerlogo.png */ = {
			isa = PBXVariantGroup;
			children = (
				61C88EC31FB4DA160062F2CC /* Base */,
				61C88EC51FB4DA210062F2CC /* en */,
			);
			name = "brighthr-headerlogo.png";
			sourceTree = "<group>";
		};
/* End PBXVariantGroup section */

/* Begin XCBuildConfiguration section */
		61C88EB71FB48FE10062F2CC /* Debug */ = {
			isa = XCBuildConfiguration;
			buildSettings = {
				ALWAYS_SEARCH_USER_PATHS = NO;
				CLANG_ANALYZER_NONNULL = YES;
				CLANG_ANALYZER_NUMBER_OBJECT_CONVERSION = YES_AGGRESSIVE;
				CLANG_CXX_LANGUAGE_STANDARD = "gnu++14";
				CLANG_CXX_LIBRARY = "libc++";
				CLANG_ENABLE_MODULES = YES;
				CLANG_ENABLE_OBJC_ARC = YES;
				CLANG_WARN_BLOCK_CAPTURE_AUTORELEASING = YES;
				CLANG_WARN_BOOL_CONVERSION = YES;
				CLANG_WARN_COMMA = YES;
				CLANG_WARN_CONSTANT_CONVERSION = YES;
				CLANG_WARN_DIRECT_OBJC_ISA_USAGE = YES_ERROR;
				CLANG_WARN_DOCUMENTATION_COMMENTS = YES;
				CLANG_WARN_EMPTY_BODY = YES;
				CLANG_WARN_ENUM_CONVERSION = YES;
				CLANG_WARN_INFINITE_RECURSION = YES;
				CLANG_WARN_INT_CONVERSION = YES;
				CLANG_WARN_NON_LITERAL_NULL_CONVERSION = YES;
				CLANG_WARN_OBJC_LITERAL_CONVERSION = YES;
				CLANG_WARN_OBJC_ROOT_CLASS = YES_ERROR;
				CLANG_WARN_RANGE_LOOP_ANALYSIS = YES;
				CLANG_WARN_STRICT_PROTOTYPES = YES;
				CLANG_WARN_SUSPICIOUS_MOVE = YES;
				CLANG_WARN_UNGUARDED_AVAILABILITY = YES_AGGRESSIVE;
				CLANG_WARN_UNREACHABLE_CODE = YES;
				CLANG_WARN__DUPLICATE_METHOD_MATCH = YES;
				CODE_SIGN_IDENTITY = "iPhone Developer";
				COPY_PHASE_STRIP = NO;
				DEBUG_INFORMATION_FORMAT = dwarf;
				ENABLE_STRICT_OBJC_MSGSEND = YES;
				ENABLE_TESTABILITY = YES;
				GCC_C_LANGUAGE_STANDARD = gnu11;
				GCC_DYNAMIC_NO_PIC = NO;
				GCC_NO_COMMON_BLOCKS = YES;
				GCC_OPTIMIZATION_LEVEL = 0;
				GCC_PREPROCESSOR_DEFINITIONS = (
					"DEBUG=1",
					"$(inherited)",
				);
				GCC_WARN_64_TO_32_BIT_CONVERSION = YES;
				GCC_WARN_ABOUT_RETURN_TYPE = YES_ERROR;
				GCC_WARN_UNDECLARED_SELECTOR = YES;
				GCC_WARN_UNINITIALIZED_AUTOS = YES_AGGRESSIVE;
				GCC_WARN_UNUSED_FUNCTION = YES;
				GCC_WARN_UNUSED_VARIABLE = YES;
				IPHONEOS_DEPLOYMENT_TARGET = 11.0;
				MTL_ENABLE_DEBUG_INFO = YES;
				ONLY_ACTIVE_ARCH = YES;
				SDKROOT = iphoneos;
			};
			name = Debug;
		};
		61C88EB81FB48FE10062F2CC /* Release */ = {
			isa = XCBuildConfiguration;
			buildSettings = {
				ALWAYS_SEARCH_USER_PATHS = NO;
				CLANG_ANALYZER_NONNULL = YES;
				CLANG_ANALYZER_NUMBER_OBJECT_CONVERSION = YES_AGGRESSIVE;
				CLANG_CXX_LANGUAGE_STANDARD = "gnu++14";
				CLANG_CXX_LIBRARY = "libc++";
				CLANG_ENABLE_MODULES = YES;
				CLANG_ENABLE_OBJC_ARC = YES;
				CLANG_WARN_BLOCK_CAPTURE_AUTORELEASING = YES;
				CLANG_WARN_BOOL_CONVERSION = YES;
				CLANG_WARN_COMMA = YES;
				CLANG_WARN_CONSTANT_CONVERSION = YES;
				CLANG_WARN_DIRECT_OBJC_ISA_USAGE = YES_ERROR;
				CLANG_WARN_DOCUMENTATION_COMMENTS = YES;
				CLANG_WARN_EMPTY_BODY = YES;
				CLANG_WARN_ENUM_CONVERSION = YES;
				CLANG_WARN_INFINITE_RECURSION = YES;
				CLANG_WARN_INT_CONVERSION = YES;
				CLANG_WARN_NON_LITERAL_NULL_CONVERSION = YES;
				CLANG_WARN_OBJC_LITERAL_CONVERSION = YES;
				CLANG_WARN_OBJC_ROOT_CLASS = YES_ERROR;
				CLANG_WARN_RANGE_LOOP_ANALYSIS = YES;
				CLANG_WARN_STRICT_PROTOTYPES = YES;
				CLANG_WARN_SUSPICIOUS_MOVE = YES;
				CLANG_WARN_UNGUARDED_AVAILABILITY = YES_AGGRESSIVE;
				CLANG_WARN_UNREACHABLE_CODE = YES;
				CLANG_WARN__DUPLICATE_METHOD_MATCH = YES;
				CODE_SIGN_IDENTITY = "iPhone Developer";
				COPY_PHASE_STRIP = NO;
				DEBUG_INFORMATION_FORMAT = "dwarf-with-dsym";
				ENABLE_NS_ASSERTIONS = NO;
				ENABLE_STRICT_OBJC_MSGSEND = YES;
				GCC_C_LANGUAGE_STANDARD = gnu11;
				GCC_NO_COMMON_BLOCKS = YES;
				GCC_WARN_64_TO_32_BIT_CONVERSION = YES;
				GCC_WARN_ABOUT_RETURN_TYPE = YES_ERROR;
				GCC_WARN_UNDECLARED_SELECTOR = YES;
				GCC_WARN_UNINITIALIZED_AUTOS = YES_AGGRESSIVE;
				GCC_WARN_UNUSED_FUNCTION = YES;
				GCC_WARN_UNUSED_VARIABLE = YES;
				IPHONEOS_DEPLOYMENT_TARGET = 11.0;
				MTL_ENABLE_DEBUG_INFO = NO;
				SDKROOT = iphoneos;
				VALIDATE_PRODUCT = YES;
			};
			name = Release;
		};
		61C88EBA1FB48FE10062F2CC /* Debug */ = {
			isa = XCBuildConfiguration;
			buildSettings = {
				ASSETCATALOG_COMPILER_APPICON_NAME = AppIcon;
				CODE_SIGN_STYLE = Automatic;
				DEVELOPMENT_TEAM = 8EZQ3HU5SV;
				INFOPLIST_FILE = BrightHRApp/Info.plist;
				LD_RUNPATH_SEARCH_PATHS = "$(inherited) @executable_path/Frameworks";
				PRODUCT_BUNDLE_IDENTIFIER = com.bitzone.BrightHRApp;
				PRODUCT_NAME = "$(TARGET_NAME)";
				TARGETED_DEVICE_FAMILY = "1,2";
			};
			name = Debug;
		};
		61C88EBB1FB48FE10062F2CC /* Release */ = {
			isa = XCBuildConfiguration;
			buildSettings = {
				ASSETCATALOG_COMPILER_APPICON_NAME = AppIcon;
				CODE_SIGN_STYLE = Automatic;
				DEVELOPMENT_TEAM = 8EZQ3HU5SV;
				INFOPLIST_FILE = BrightHRApp/Info.plist;
				LD_RUNPATH_SEARCH_PATHS = "$(inherited) @executable_path/Frameworks";
				PRODUCT_BUNDLE_IDENTIFIER = com.bitzone.BrightHRApp;
				PRODUCT_NAME = "$(TARGET_NAME)";
				TARGETED_DEVICE_FAMILY = "1,2";
			};
			name = Release;
		};
		61C88EBD1FB48FE10062F2CC /* Debug */ = {
			isa = XCBuildConfiguration;
			buildSettings = {
				BUNDLE_LOADER = "$(TEST_HOST)";
				CODE_SIGN_STYLE = Automatic;
				DEVELOPMENT_TEAM = 8EZQ3HU5SV;
				INFOPLIST_FILE = BrightHRAppTests/Info.plist;
				LD_RUNPATH_SEARCH_PATHS = "$(inherited) @executable_path/Frameworks @loader_path/Frameworks";
				PRODUCT_BUNDLE_IDENTIFIER = com.bitzone.BrightHRAppTests;
				PRODUCT_NAME = "$(TARGET_NAME)";
				TARGETED_DEVICE_FAMILY = "1,2";
				TEST_HOST = "$(BUILT_PRODUCTS_DIR)/BrightHRApp.app/BrightHRApp";
			};
			name = Debug;
		};
		61C88EBE1FB48FE10062F2CC /* Release */ = {
			isa = XCBuildConfiguration;
			buildSettings = {
				BUNDLE_LOADER = "$(TEST_HOST)";
				CODE_SIGN_STYLE = Automatic;
				DEVELOPMENT_TEAM = 8EZQ3HU5SV;
				INFOPLIST_FILE = BrightHRAppTests/Info.plist;
				LD_RUNPATH_SEARCH_PATHS = "$(inherited) @executable_path/Frameworks @loader_path/Frameworks";
				PRODUCT_BUNDLE_IDENTIFIER = com.bitzone.BrightHRAppTests;
				PRODUCT_NAME = "$(TARGET_NAME)";
				TARGETED_DEVICE_FAMILY = "1,2";
				TEST_HOST = "$(BUILT_PRODUCTS_DIR)/BrightHRApp.app/BrightHRApp";
			};
			name = Release;
		};
/* End XCBuildConfiguration section */

/* Begin XCConfigurationList section */
		61C88E931FB48FE10062F2CC /* Build configuration list for PBXProject "BrightHRApp" */ = {
			isa = XCConfigurationList;
			buildConfigurations = (
				61C88EB71FB48FE10062F2CC /* Debug */,
				61C88EB81FB48FE10062F2CC /* Release */,
			);
			defaultConfigurationIsVisible = 0;
			defaultConfigurationName = Release;
		};
		61C88EB91FB48FE10062F2CC /* Build configuration list for PBXNativeTarget "BrightHRApp" */ = {
			isa = XCConfigurationList;
			buildConfigurations = (
				61C88EBA1FB48FE10062F2CC /* Debug */,
				61C88EBB1FB48FE10062F2CC /* Release */,
			);
			defaultConfigurationIsVisible = 0;
			defaultConfigurationName = Release;
		};
		61C88EBC1FB48FE10062F2CC /* Build configuration list for PBXNativeTarget "BrightHRAppTests" */ = {
			isa = XCConfigurationList;
			buildConfigurations = (
				61C88EBD1FB48FE10062F2CC /* Debug */,
				61C88EBE1FB48FE10062F2CC /* Release */,
			);
			defaultConfigurationIsVisible = 0;
			defaultConfigurationName = Release;
		};
/* End XCConfigurationList section */
	};
	rootObject = 61C88E901FB48FE10062F2CC /* Project object */;
}
